<?xml version="1.0"?>
<CONFIG>
  <ProjectOptions>
    <Version Value="9"/>
    <PathDelim Value="\"/>
    <General>
      <SessionStorage Value="InProjectDir"/>
      <MainUnit Value="0"/>
      <Title Value="FPG Editor"/>
      <ResourceType Value="res"/>
      <UseXPManifest Value="True"/>
      <Icon Value="0"/>
    </General>
    <i18n>
      <EnableI18N LFM="False"/>
    </i18n>
    <VersionInfo>
      <StringTable ProductVersion=""/>
    </VersionInfo>
    <MacroValues Count="1">
      <Macro1 Name="LCLWidgetType" Value="qt"/>
    </MacroValues>
    <BuildModes Count="1">
      <Item1 Name="Default" Default="True"/>
    </BuildModes>
    <PublishOptions>
      <Version Value="2"/>
      <IncludeFileFilter Value="*.(pas|pp|inc|lfm|lpr|lrs|lpi|lpk|sh|xml)"/>
      <ExcludeFileFilter Value="*.(bak|ppu|o|so);*~;backup"/>
    </PublishOptions>
    <RunParams>
      <local>
        <FormatVersion Value="1"/>
        <LaunchingApplication PathPlusParams="\usr\bin\xterm -T 'Lazarus Run Output' -e $(LazarusDir)\tools\runwait.sh $(TargetCmdLine)"/>
      </local>
    </RunParams>
    <RequiredPackages Count="2">
      <Item1>
        <PackageName Value="LCLBase"/>
      </Item1>
      <Item2>
        <PackageName Value="LCL"/>
      </Item2>
    </RequiredPackages>
    <Units Count="37">
      <Unit0>
        <Filename Value="pfpgeditor.lpr"/>
        <IsPartOfProject Value="True"/>
        <UnitName Value="pfpgeditor"/>
      </Unit0>
      <Unit1>
        <Filename Value="uFrmMain\uFrmMain.pas"/>
        <IsPartOfProject Value="True"/>
        <ComponentName Value="frmMain"/>
        <HasResources Value="True"/>
        <ResourceBaseClass Value="Form"/>
        <UnitName Value="uFrmMain"/>
      </Unit1>
      <Unit2>
        <Filename Value="uFrmView\ufrmView.pas"/>
        <IsPartOfProject Value="True"/>
        <ComponentName Value="frmView"/>
        <HasResources Value="True"/>
        <ResourceBaseClass Value="Form"/>
        <UnitName Value="ufrmView"/>
      </Unit2>
      <Unit3>
        <Filename Value="uFPG\uFPG.pas"/>
        <IsPartOfProject Value="True"/>
        <UnitName Value="uFPG"/>
      </Unit3>
      <Unit4>
        <Filename Value="uPCX\uPCX.pas"/>
        <IsPartOfProject Value="True"/>
        <UnitName Value="uPCX"/>
      </Unit4>
      <Unit5>
        <Filename Value="uFrmPalette\ufrmPalette.pas"/>
        <IsPartOfProject Value="True"/>
        <ComponentName Value="frmPalette"/>
        <HasResources Value="True"/>
        <ResourceBaseClass Value="Form"/>
        <UnitName Value="uFrmPalette"/>
      </Unit5>
      <Unit6>
        <Filename Value="uBMP\uBMP.pas"/>
        <IsPartOfProject Value="True"/>
        <UnitName Value="uBMP"/>
      </Unit6>
      <Unit7>
        <Filename Value="uFrmAnimate\ufrmAnimate.pas"/>
        <IsPartOfProject Value="True"/>
        <ComponentName Value="frmAnimate"/>
        <HasResources Value="True"/>
        <ResourceBaseClass Value="Form"/>
        <UnitName Value="ufrmAnimate"/>
      </Unit7>
      <Unit8>
        <Filename Value="uIniFile\uinifile.pas"/>
        <IsPartOfProject Value="True"/>
        <UnitName Value="uinifile"/>
      </Unit8>
      <Unit9>
        <Filename Value="uFPGConvert\uFPGConvert.pas"/>
        <IsPartOfProject Value="True"/>
        <UnitName Value="uFPGConvert"/>
      </Unit9>
      <Unit10>
        <Filename Value="uSort\uSort.pas"/>
        <IsPartOfProject Value="True"/>
        <UnitName Value="uSort"/>
      </Unit10>
      <Unit11>
        <Filename Value="uPAL\uPAL.pas"/>
        <IsPartOfProject Value="True"/>
        <UnitName Value="uPAL"/>
      </Unit11>
      <Unit12>
        <Filename Value="uLanguage\uLanguage.pas"/>
        <IsPartOfProject Value="True"/>
        <UnitName Value="uLanguage"/>
      </Unit12>
      <Unit13>
        <Filename Value="uTools\uTools.pas"/>
        <IsPartOfProject Value="True"/>
        <UnitName Value="uTools"/>
      </Unit13>
      <Unit14>
        <Filename Value="uFrmExport\uFrmExport.pas"/>
        <IsPartOfProject Value="True"/>
        <ComponentName Value="frmExport"/>
        <HasResources Value="True"/>
        <ResourceBaseClass Value="Form"/>
        <UnitName Value="uFrmExport"/>
      </Unit14>
      <Unit15>
        <Filename Value="uLoadImage\uLoadImage.pas"/>
        <IsPartOfProject Value="True"/>
        <UnitName Value="uLoadImage"/>
      </Unit15>
      <Unit16>
        <Filename Value="uFrmExport\uExportToFiles\uExportToFiles.pas"/>
        <IsPartOfProject Value="True"/>
        <UnitName Value="uExportToFiles"/>
      </Unit16>
      <Unit17>
        <Filename Value="uColor16bits\uColor16bits.pas"/>
        <IsPartOfProject Value="True"/>
        <UnitName Value="uColor16bits"/>
      </Unit17>
      <Unit18>
        <Filename Value="uMessages\uFrmInputBox\uFrmInputBox.pas"/>
        <IsPartOfProject Value="True"/>
        <ComponentName Value="frmInputBox"/>
        <HasResources Value="True"/>
        <ResourceBaseClass Value="Form"/>
        <UnitName Value="uFrmInputBox"/>
      </Unit18>
      <Unit19>
        <Filename Value="uMessages\uFrmMessageBox\uFrmMessageBox.pas"/>
        <IsPartOfProject Value="True"/>
        <ComponentName Value="frmMessageBox"/>
        <HasResources Value="True"/>
        <ResourceBaseClass Value="Form"/>
        <UnitName Value="uFrmMessageBox"/>
      </Unit19>
      <Unit20>
        <Filename Value="uFrmConfig\ufrmConfig.pas"/>
        <IsPartOfProject Value="True"/>
        <ComponentName Value="frmConfig"/>
        <HasResources Value="True"/>
        <ResourceBaseClass Value="Form"/>
        <UnitName Value="ufrmConfig"/>
      </Unit20>
      <Unit21>
        <Filename Value="uFPGFrmImages\ufrmFPGImages.pas"/>
        <IsPartOfProject Value="True"/>
        <ComponentName Value="frmFPGImages"/>
        <HasResources Value="True"/>
        <ResourceBaseClass Value="Form"/>
        <UnitName Value="ufrmFPGImages"/>
      </Unit21>
      <Unit22>
        <Filename Value="uFPGFrmNew\ufrmNewFPG.pas"/>
        <IsPartOfProject Value="True"/>
        <ComponentName Value="frmNewFPG"/>
        <HasResources Value="True"/>
        <ResourceBaseClass Value="Form"/>
        <UnitName Value="ufrmNewFPG"/>
      </Unit22>
      <Unit23>
        <Filename Value="uFrmSplash\uFrmSplahs.pas"/>
        <IsPartOfProject Value="True"/>
        <ComponentName Value="frmSplash"/>
        <HasResources Value="True"/>
        <ResourceBaseClass Value="Form"/>
        <UnitName Value="uFrmSplahs"/>
      </Unit23>
      <Unit24>
        <Filename Value="uMap\uMap.pas"/>
        <IsPartOfProject Value="True"/>
        <UnitName Value="uMap"/>
      </Unit24>
      <Unit25>
        <Filename Value="uPAL\ucopypalette.pas"/>
        <IsPartOfProject Value="True"/>
        <UnitName Value="uCopyPalette"/>
      </Unit25>
      <Unit26>
        <Filename Value="uFrmZipFenix\ufrmZipFenix.pas"/>
        <IsPartOfProject Value="True"/>
        <ComponentName Value="frmZipFenix"/>
        <HasResources Value="True"/>
        <ResourceBaseClass Value="Form"/>
        <UnitName Value="ufrmZipFenix"/>
      </Unit26>
      <Unit27>
        <Filename Value="uAAtext\uAAText.pas"/>
        <IsPartOfProject Value="True"/>
        <UnitName Value="uAAText"/>
      </Unit27>
      <Unit28>
        <Filename Value="uColorTable\uColorTable.pas"/>
        <IsPartOfProject Value="True"/>
        <UnitName Value="uColorTable"/>
      </Unit28>
      <Unit29>
        <Filename Value="uFNT\uFNT.pas"/>
        <IsPartOfProject Value="True"/>
        <UnitName Value="uFNT"/>
      </Unit29>
      <Unit30>
        <Filename Value="uFrmBpp\uFrmBpp.pas"/>
        <IsPartOfProject Value="True"/>
        <ComponentName Value="fBPP"/>
        <HasResources Value="True"/>
        <ResourceBaseClass Value="Form"/>
        <UnitName Value="ufrmbpp"/>
      </Unit30>
      <Unit31>
        <Filename Value="uFrmCFG\uFrmCFG.pas"/>
        <IsPartOfProject Value="True"/>
        <ComponentName Value="FrmCFG"/>
        <HasResources Value="True"/>
        <ResourceBaseClass Value="Form"/>
        <UnitName Value="uFrmCFG"/>
      </Unit31>
      <Unit32>
        <Filename Value="uFrmMainFNT\uFrmMainFNT.pas"/>
        <IsPartOfProject Value="True"/>
        <ComponentName Value="frmMainFNT"/>
        <HasResources Value="True"/>
        <ResourceBaseClass Value="Form"/>
        <UnitName Value="uFrmMainFNT"/>
      </Unit32>
      <Unit33>
        <Filename Value="uFrmAbout\uFrmAbout.pas"/>
        <IsPartOfProject Value="True"/>
        <ComponentName Value="FrmAbout"/>
        <HasResources Value="True"/>
        <ResourceBaseClass Value="Form"/>
        <UnitName Value="uFrmAbout"/>
      </Unit33>
      <Unit34>
        <Filename Value="uFrmFNTView\uFrmFNTView.pas"/>
        <IsPartOfProject Value="True"/>
        <ComponentName Value="frmFNTView"/>
        <HasResources Value="True"/>
        <ResourceBaseClass Value="Form"/>
        <UnitName Value="uFrmFNTView"/>
      </Unit34>
      <Unit35>
        <Filename Value="uFPGListView\ufpglistview.pas"/>
        <IsPartOfProject Value="True"/>
        <UnitName Value="uFPGListView"/>
      </Unit35>
      <Unit36>
        <Filename Value="uMap\umapgraphic.pas"/>
        <IsPartOfProject Value="True"/>
        <UnitName Value="uMAPGraphic"/>
      </Unit36>
    </Units>
  </ProjectOptions>
  <CompilerOptions>
    <Version Value="11"/>
    <PathDelim Value="\"/>
    <Target>
      <Filename Value="fpg-editor"/>
    </Target>
    <SearchPaths>
      <IncludeFiles Value="$(ProjOutDir)"/>
      <OtherUnitFiles Value="uFrmMain;uBMP;uMap;uTools;uSort;uPCX;uFrmView;uLoadImage;uPAL;uColor16bits;uFPGConvert;uFPGFrmImages;uFPGFrmNew;uFrmAnimate;uFrmConfig;uFrmExport;uFrmPalette;uFrmSplash;uIniFile;uLanguage;uMessages\uFrmInputBox;uMessages\uFrmMessageBox;uFrmExport\uExportToFiles;uFrmZipFenix;uAAtext;uColorTable;uFNT;uFrmBpp;uFrmCFG;uFrmMainFNT;uFrmAbout;uFrmFPGView;uFrmFNTView;uFPG;uFPGListView"/>
      <UnitOutputDirectory Value="lib\$(TargetCPU)-$(TargetOS)"/>
    </SearchPaths>
    <CodeGeneration>
      <SmallerCode Value="True"/>
      <Optimizations>
        <OptimizationLevel Value="3"/>
      </Optimizations>
    </CodeGeneration>
    <Linking>
      <Debugging>
        <GenerateDebugInfo Value="False"/>
      </Debugging>
      <Options>
        <Win32>
          <GraphicApplication Value="True"/>
        </Win32>
      </Options>
    </Linking>
    <Other>
      <CompilerMessages>
        <UseMsgFile Value="True"/>
      </CompilerMessages>
      <CompilerPath Value="$(CompPath)"/>
    </Other>
    <LCLWidgetType Value="qt"/>
  </CompilerOptions>
  <Debugging>
    <Exceptions Count="5">
      <Item1>
        <Name Value="EAbort"/>
      </Item1>
      <Item2>
        <Name Value="ECodetoolError"/>
      </Item2>
      <Item3>
        <Name Value="EFOpenError"/>
      </Item3>
      <Item4>
        <Name Value="EReadError"/>
      </Item4>
      <Item5>
        <Name Value="EInvalidGraphic"/>
      </Item5>
    </Exceptions>
  </Debugging>
</CONFIG>
